{
  "name": "Ejercicios2023",
  "lockfileVersion": 2,
  "requires": true,
  "packages": {
    "": {
      "dependencies": {
        "@types/node": "^18.15.3",
        "ascii-text-generator": "^1.0.5",
        "beepbeep": "^1.3.0",
        "readline-sync": "^1.4.10"
      }
    },
    "node_modules/@types/node": {
      "version": "18.15.3",
      "resolved": "https://registry.npmjs.org/@types/node/-/node-18.15.3.tgz",
      "integrity": "sha512-p6ua9zBxz5otCmbpb5D3U4B5Nanw6Pk3PPyX05xnxbB/fRv71N7CPmORg7uAD5P70T0xmx1pzAx/FUfa5X+3cw=="
    },
    "node_modules/ascii-text-generator": {
      "version": "1.0.5",
      "resolved": "https://registry.npmjs.org/ascii-text-generator/-/ascii-text-generator-1.0.5.tgz",
      "integrity": "sha512-7v4OVcL5j42unrXsIPfgwwmsSBgocDaNwlVo1J0dvnYQvuCbM+XuefoApq405iBtp/Xc1t1dxETqh9uiiaFUjA=="
    },
    "node_modules/beepbeep": {
      "version": "1.3.0",
      "resolved": "https://registry.npmjs.org/beepbeep/-/beepbeep-1.3.0.tgz",
      "integrity": "sha512-11LndKDm4yoWDfAAfamuT4OZSeNyDOE7xDWrvSjK369bEdZHDECAESyrqnXB5qbgODEASJX9GUz1ZdGfIJFpUQ==",
      "bin": {
        "beepbeep": "bin/cmd.js"
      }
    },
    "node_modules/readline-sync": {
      "version": "1.4.10",
      "resolved": "https://registry.npmjs.org/readline-sync/-/readline-sync-1.4.10.tgz",
      "integrity": "sha512-gNva8/6UAe8QYepIQH/jQ2qn91Qj0B9sYjMBBs3QOB8F2CXcKgLxQaJRP76sWVRQt+QU+8fAkCbCvjjMFu7Ycw==",
      "engines": {
        "node": ">= 0.8.0"
      }
    }
  },
  "dependencies": {
    "@types/node": {
      "version": "18.15.3",
      "resolved": "https://registry.npmjs.org/@types/node/-/node-18.15.3.tgz",
      "integrity": "sha512-p6ua9zBxz5otCmbpb5D3U4B5Nanw6Pk3PPyX05xnxbB/fRv71N7CPmORg7uAD5P70T0xmx1pzAx/FUfa5X+3cw=="
    },
    "ascii-text-generator": {
      "version": "1.0.5",
      "resolved": "https://registry.npmjs.org/ascii-text-generator/-/ascii-text-generator-1.0.5.tgz",
      "integrity": "sha512-7v4OVcL5j42unrXsIPfgwwmsSBgocDaNwlVo1J0dvnYQvuCbM+XuefoApq405iBtp/Xc1t1dxETqh9uiiaFUjA=="
    },
    "beepbeep": {
      "version": "1.3.0",
      "resolved": "https://registry.npmjs.org/beepbeep/-/beepbeep-1.3.0.tgz",
      "integrity": "sha512-11LndKDm4yoWDfAAfamuT4OZSeNyDOE7xDWrvSjK369bEdZHDECAESyrqnXB5qbgODEASJX9GUz1ZdGfIJFpUQ=="
    },
    "readline-sync": {
      "version": "1.4.10",
      "resolved": "https://registry.npmjs.org/readline-sync/-/readline-sync-1.4.10.tgz",
      "integrity": "sha512-gNva8/6UAe8QYepIQH/jQ2qn91Qj0B9sYjMBBs3QOB8F2CXcKgLxQaJRP76sWVRQt+QU+8fAkCbCvjjMFu7Ycw=="
    }
  }
}
